{
    "version": 3,
    "terraform_version": "0.11.3",
    "serial": 23,
    "lineage": "45d79bfe-d4d5-4f33-a6e2-20fd9d171d01",
    "modules": [
        {
            "path": [
                "root"
            ],
            "outputs": {},
            "resources": {
                "azurerm_network_interface.docker-server-nic": {
                    "type": "azurerm_network_interface",
                    "depends_on": [
                        "azurerm_network_security_group.standard-sec-group",
                        "azurerm_public_ip.docker-server-public-ip",
                        "azurerm_resource_group.rg-terraform-east",
                        "azurerm_subnet.prod-subnet"
                    ],
                    "primary": {
                        "id": "/subscriptions/ae770c63-2b68-4269-a3c6-5cb3115dd3d4/resourceGroups/rg-terraform-east/providers/Microsoft.Network/networkInterfaces/docker-server-nic",
                        "attributes": {
                            "applied_dns_servers.#": "0",
                            "dns_servers.#": "0",
                            "enable_accelerated_networking": "false",
                            "enable_ip_forwarding": "false",
                            "id": "/subscriptions/ae770c63-2b68-4269-a3c6-5cb3115dd3d4/resourceGroups/rg-terraform-east/providers/Microsoft.Network/networkInterfaces/docker-server-nic",
                            "internal_dns_name_label": "",
                            "ip_configuration.#": "1",
                            "ip_configuration.0.application_security_group_ids.#": "0",
                            "ip_configuration.0.load_balancer_backend_address_pools_ids.#": "0",
                            "ip_configuration.0.load_balancer_inbound_nat_rules_ids.#": "0",
                            "ip_configuration.0.name": "docker-ubuntu-server-nic-config",
                            "ip_configuration.0.primary": "true",
                            "ip_configuration.0.private_ip_address": "10.1.1.25",
                            "ip_configuration.0.private_ip_address_allocation": "static",
                            "ip_configuration.0.public_ip_address_id": "/subscriptions/ae770c63-2b68-4269-a3c6-5cb3115dd3d4/resourceGroups/rg-terraform-east/providers/Microsoft.Network/publicIPAddresses/docker-server-public-ip",
                            "ip_configuration.0.subnet_id": "/subscriptions/ae770c63-2b68-4269-a3c6-5cb3115dd3d4/resourceGroups/rg-terraform-east/providers/Microsoft.Network/virtualNetworks/production-network/subnets/prod-subnet",
                            "location": "canadaeast",
                            "name": "docker-server-nic",
                            "network_security_group_id": "/subscriptions/ae770c63-2b68-4269-a3c6-5cb3115dd3d4/resourceGroups/rg-terraform-east/providers/Microsoft.Network/networkSecurityGroups/standard-sec-group",
                            "private_ip_address": "10.1.1.25",
                            "private_ip_addresses.#": "1",
                            "private_ip_addresses.0": "10.1.1.25",
                            "resource_group_name": "rg-terraform-east",
                            "tags.%": "0"
                        },
                        "meta": {},
                        "tainted": false
                    },
                    "deposed": [],
                    "provider": "provider.azurerm"
                },
                "azurerm_network_security_group.standard-sec-group": {
                    "type": "azurerm_network_security_group",
                    "depends_on": [
                        "azurerm_resource_group.rg-terraform-east"
                    ],
                    "primary": {
                        "id": "/subscriptions/ae770c63-2b68-4269-a3c6-5cb3115dd3d4/resourceGroups/rg-terraform-east/providers/Microsoft.Network/networkSecurityGroups/standard-sec-group",
                        "attributes": {
                            "id": "/subscriptions/ae770c63-2b68-4269-a3c6-5cb3115dd3d4/resourceGroups/rg-terraform-east/providers/Microsoft.Network/networkSecurityGroups/standard-sec-group",
                            "location": "canadaeast",
                            "name": "standard-sec-group",
                            "resource_group_name": "rg-terraform-east",
                            "security_rule.#": "3",
                            "security_rule.3195729929.access": "Allow",
                            "security_rule.3195729929.description": "",
                            "security_rule.3195729929.destination_address_prefix": "*",
                            "security_rule.3195729929.destination_address_prefixes.#": "0",
                            "security_rule.3195729929.destination_port_range": "443",
                            "security_rule.3195729929.destination_port_ranges.#": "0",
                            "security_rule.3195729929.direction": "Inbound",
                            "security_rule.3195729929.name": "allow HTTPS",
                            "security_rule.3195729929.priority": "120",
                            "security_rule.3195729929.protocol": "TCP",
                            "security_rule.3195729929.source_address_prefix": "*",
                            "security_rule.3195729929.source_address_prefixes.#": "0",
                            "security_rule.3195729929.source_port_range": "*",
                            "security_rule.3195729929.source_port_ranges.#": "0",
                            "security_rule.3463599756.access": "Allow",
                            "security_rule.3463599756.description": "",
                            "security_rule.3463599756.destination_address_prefix": "*",
                            "security_rule.3463599756.destination_address_prefixes.#": "0",
                            "security_rule.3463599756.destination_port_range": "80",
                            "security_rule.3463599756.destination_port_ranges.#": "0",
                            "security_rule.3463599756.direction": "Inbound",
                            "security_rule.3463599756.name": "allow HTTP",
                            "security_rule.3463599756.priority": "110",
                            "security_rule.3463599756.protocol": "TCP",
                            "security_rule.3463599756.source_address_prefix": "*",
                            "security_rule.3463599756.source_address_prefixes.#": "0",
                            "security_rule.3463599756.source_port_range": "*",
                            "security_rule.3463599756.source_port_ranges.#": "0",
                            "security_rule.564824268.access": "Allow",
                            "security_rule.564824268.description": "",
                            "security_rule.564824268.destination_address_prefix": "*",
                            "security_rule.564824268.destination_address_prefixes.#": "0",
                            "security_rule.564824268.destination_port_range": "22",
                            "security_rule.564824268.destination_port_ranges.#": "0",
                            "security_rule.564824268.direction": "Inbound",
                            "security_rule.564824268.name": "allow SSH",
                            "security_rule.564824268.priority": "100",
                            "security_rule.564824268.protocol": "TCP",
                            "security_rule.564824268.source_address_prefix": "*",
                            "security_rule.564824268.source_address_prefixes.#": "0",
                            "security_rule.564824268.source_port_range": "*",
                            "security_rule.564824268.source_port_ranges.#": "0",
                            "tags.%": "0"
                        },
                        "meta": {},
                        "tainted": false
                    },
                    "deposed": [],
                    "provider": "provider.azurerm"
                },
                "azurerm_network_security_rule.allow-http": {
                    "type": "azurerm_network_security_rule",
                    "depends_on": [
                        "azurerm_network_security_group.standard-sec-group",
                        "azurerm_resource_group.rg-terraform-east"
                    ],
                    "primary": {
                        "id": "/subscriptions/ae770c63-2b68-4269-a3c6-5cb3115dd3d4/resourceGroups/rg-terraform-east/providers/Microsoft.Network/networkSecurityGroups/standard-sec-group/securityRules/allow HTTP",
                        "attributes": {
                            "access": "Allow",
                            "description": "",
                            "destination_address_prefix": "*",
                            "destination_address_prefixes.#": "0",
                            "destination_port_range": "80",
                            "destination_port_ranges.#": "0",
                            "direction": "Inbound",
                            "id": "/subscriptions/ae770c63-2b68-4269-a3c6-5cb3115dd3d4/resourceGroups/rg-terraform-east/providers/Microsoft.Network/networkSecurityGroups/standard-sec-group/securityRules/allow HTTP",
                            "name": "allow HTTP",
                            "network_security_group_name": "standard-sec-group",
                            "priority": "110",
                            "protocol": "TCP",
                            "resource_group_name": "rg-terraform-east",
                            "source_address_prefix": "*",
                            "source_address_prefixes.#": "0",
                            "source_port_range": "*",
                            "source_port_ranges.#": "0"
                        },
                        "meta": {},
                        "tainted": false
                    },
                    "deposed": [],
                    "provider": "provider.azurerm"
                },
                "azurerm_network_security_rule.allow-https": {
                    "type": "azurerm_network_security_rule",
                    "depends_on": [
                        "azurerm_network_security_group.standard-sec-group",
                        "azurerm_resource_group.rg-terraform-east"
                    ],
                    "primary": {
                        "id": "/subscriptions/ae770c63-2b68-4269-a3c6-5cb3115dd3d4/resourceGroups/rg-terraform-east/providers/Microsoft.Network/networkSecurityGroups/standard-sec-group/securityRules/allow HTTPS",
                        "attributes": {
                            "access": "Allow",
                            "description": "",
                            "destination_address_prefix": "*",
                            "destination_address_prefixes.#": "0",
                            "destination_port_range": "443",
                            "destination_port_ranges.#": "0",
                            "direction": "Inbound",
                            "id": "/subscriptions/ae770c63-2b68-4269-a3c6-5cb3115dd3d4/resourceGroups/rg-terraform-east/providers/Microsoft.Network/networkSecurityGroups/standard-sec-group/securityRules/allow HTTPS",
                            "name": "allow HTTPS",
                            "network_security_group_name": "standard-sec-group",
                            "priority": "120",
                            "protocol": "TCP",
                            "resource_group_name": "rg-terraform-east",
                            "source_address_prefix": "*",
                            "source_address_prefixes.#": "0",
                            "source_port_range": "*",
                            "source_port_ranges.#": "0"
                        },
                        "meta": {},
                        "tainted": false
                    },
                    "deposed": [],
                    "provider": "provider.azurerm"
                },
                "azurerm_network_security_rule.allow-ssh": {
                    "type": "azurerm_network_security_rule",
                    "depends_on": [
                        "azurerm_network_security_group.standard-sec-group",
                        "azurerm_resource_group.rg-terraform-east"
                    ],
                    "primary": {
                        "id": "/subscriptions/ae770c63-2b68-4269-a3c6-5cb3115dd3d4/resourceGroups/rg-terraform-east/providers/Microsoft.Network/networkSecurityGroups/standard-sec-group/securityRules/allow SSH",
                        "attributes": {
                            "access": "Allow",
                            "description": "",
                            "destination_address_prefix": "*",
                            "destination_address_prefixes.#": "0",
                            "destination_port_range": "22",
                            "destination_port_ranges.#": "0",
                            "direction": "Inbound",
                            "id": "/subscriptions/ae770c63-2b68-4269-a3c6-5cb3115dd3d4/resourceGroups/rg-terraform-east/providers/Microsoft.Network/networkSecurityGroups/standard-sec-group/securityRules/allow SSH",
                            "name": "allow SSH",
                            "network_security_group_name": "standard-sec-group",
                            "priority": "100",
                            "protocol": "TCP",
                            "resource_group_name": "rg-terraform-east",
                            "source_address_prefix": "*",
                            "source_address_prefixes.#": "0",
                            "source_port_range": "*",
                            "source_port_ranges.#": "0"
                        },
                        "meta": {},
                        "tainted": false
                    },
                    "deposed": [],
                    "provider": "provider.azurerm"
                },
                "azurerm_public_ip.docker-server-public-ip": {
                    "type": "azurerm_public_ip",
                    "depends_on": [
                        "azurerm_resource_group.rg-terraform-east"
                    ],
                    "primary": {
                        "id": "/subscriptions/ae770c63-2b68-4269-a3c6-5cb3115dd3d4/resourceGroups/rg-terraform-east/providers/Microsoft.Network/publicIPAddresses/docker-server-public-ip",
                        "attributes": {
                            "domain_name_label": "docker-server",
                            "fqdn": "docker-server.canadaeast.cloudapp.azure.com",
                            "id": "/subscriptions/ae770c63-2b68-4269-a3c6-5cb3115dd3d4/resourceGroups/rg-terraform-east/providers/Microsoft.Network/publicIPAddresses/docker-server-public-ip",
                            "location": "canadaeast",
                            "name": "docker-server-public-ip",
                            "public_ip_address_allocation": "dynamic",
                            "resource_group_name": "rg-terraform-east",
                            "sku": "Basic",
                            "tags.%": "0"
                        },
                        "meta": {},
                        "tainted": false
                    },
                    "deposed": [],
                    "provider": "provider.azurerm"
                },
                "azurerm_resource_group.rg-terraform-east": {
                    "type": "azurerm_resource_group",
                    "depends_on": [],
                    "primary": {
                        "id": "/subscriptions/ae770c63-2b68-4269-a3c6-5cb3115dd3d4/resourceGroups/rg-terraform-east",
                        "attributes": {
                            "id": "/subscriptions/ae770c63-2b68-4269-a3c6-5cb3115dd3d4/resourceGroups/rg-terraform-east",
                            "location": "canadaeast",
                            "name": "rg-terraform-east",
                            "tags.%": "0"
                        },
                        "meta": {},
                        "tainted": false
                    },
                    "deposed": [],
                    "provider": "provider.azurerm"
                },
                "azurerm_subnet.prod-subnet": {
                    "type": "azurerm_subnet",
                    "depends_on": [
                        "azurerm_network_security_group.standard-sec-group",
                        "azurerm_resource_group.rg-terraform-east",
                        "azurerm_virtual_network.production-network"
                    ],
                    "primary": {
                        "id": "/subscriptions/ae770c63-2b68-4269-a3c6-5cb3115dd3d4/resourceGroups/rg-terraform-east/providers/Microsoft.Network/virtualNetworks/production-network/subnets/prod-subnet",
                        "attributes": {
                            "address_prefix": "10.1.1.0/24",
                            "id": "/subscriptions/ae770c63-2b68-4269-a3c6-5cb3115dd3d4/resourceGroups/rg-terraform-east/providers/Microsoft.Network/virtualNetworks/production-network/subnets/prod-subnet",
                            "ip_configurations.#": "1",
                            "ip_configurations.3134769640": "/subscriptions/ae770c63-2b68-4269-a3c6-5cb3115dd3d4/resourceGroups/rg-terraform-east/providers/Microsoft.Network/networkInterfaces/docker-server-nic/ipConfigurations/docker-ubuntu-server-nic-config",
                            "name": "prod-subnet",
                            "network_security_group_id": "/subscriptions/ae770c63-2b68-4269-a3c6-5cb3115dd3d4/resourceGroups/rg-terraform-east/providers/Microsoft.Network/networkSecurityGroups/standard-sec-group",
                            "resource_group_name": "rg-terraform-east",
                            "service_endpoints.#": "0",
                            "virtual_network_name": "production-network"
                        },
                        "meta": {},
                        "tainted": false
                    },
                    "deposed": [],
                    "provider": "provider.azurerm"
                },
                "azurerm_virtual_network.production-network": {
                    "type": "azurerm_virtual_network",
                    "depends_on": [
                        "azurerm_resource_group.rg-terraform-east"
                    ],
                    "primary": {
                        "id": "/subscriptions/ae770c63-2b68-4269-a3c6-5cb3115dd3d4/resourceGroups/rg-terraform-east/providers/Microsoft.Network/virtualNetworks/production-network",
                        "attributes": {
                            "address_space.#": "1",
                            "address_space.0": "10.1.0.0/16",
                            "dns_servers.#": "0",
                            "id": "/subscriptions/ae770c63-2b68-4269-a3c6-5cb3115dd3d4/resourceGroups/rg-terraform-east/providers/Microsoft.Network/virtualNetworks/production-network",
                            "location": "canadaeast",
                            "name": "production-network",
                            "resource_group_name": "rg-terraform-east",
                            "subnet.#": "1",
                            "subnet.2237307831.address_prefix": "10.1.1.0/24",
                            "subnet.2237307831.name": "prod-subnet",
                            "subnet.2237307831.security_group": "/subscriptions/ae770c63-2b68-4269-a3c6-5cb3115dd3d4/resourceGroups/rg-terraform-east/providers/Microsoft.Network/networkSecurityGroups/standard-sec-group",
                            "tags.%": "0"
                        },
                        "meta": {},
                        "tainted": false
                    },
                    "deposed": [],
                    "provider": "provider.azurerm"
                }
            },
            "depends_on": []
        }
    ]
}
