{
    "version": 3,
    "terraform_version": "0.11.3",
    "serial": 6,
    "lineage": "45d79bfe-d4d5-4f33-a6e2-20fd9d171d01",
    "modules": [
        {
            "path": [
                "root"
            ],
            "outputs": {},
            "resources": {
                "azurerm_network_interface.test": {
                    "type": "azurerm_network_interface",
                    "depends_on": [
                        "azurerm_network_security_group.my-security-group",
                        "azurerm_resource_group.rg-terraform-east",
                        "azurerm_subnet.YYZ"
                    ],
                    "primary": {
                        "id": "/subscriptions/ae770c63-2b68-4269-a3c6-5cb3115dd3d4/resourceGroups/rg-terraform-east/providers/Microsoft.Network/networkInterfaces/VNetInterface1",
                        "attributes": {
                            "applied_dns_servers.#": "0",
                            "dns_servers.#": "0",
                            "enable_accelerated_networking": "false",
                            "enable_ip_forwarding": "false",
                            "id": "/subscriptions/ae770c63-2b68-4269-a3c6-5cb3115dd3d4/resourceGroups/rg-terraform-east/providers/Microsoft.Network/networkInterfaces/VNetInterface1",
                            "internal_dns_name_label": "",
                            "ip_configuration.#": "1",
                            "ip_configuration.0.application_security_group_ids.#": "0",
                            "ip_configuration.0.load_balancer_backend_address_pools_ids.#": "0",
                            "ip_configuration.0.load_balancer_inbound_nat_rules_ids.#": "0",
                            "ip_configuration.0.name": "TestConfiguration1",
                            "ip_configuration.0.primary": "true",
                            "ip_configuration.0.private_ip_address": "10.1.1.25",
                            "ip_configuration.0.private_ip_address_allocation": "static",
                            "ip_configuration.0.public_ip_address_id": "",
                            "ip_configuration.0.subnet_id": "/subscriptions/ae770c63-2b68-4269-a3c6-5cb3115dd3d4/resourceGroups/rg-terraform-east/providers/Microsoft.Network/virtualNetworks/production-network/subnets/YYZ",
                            "location": "canadaeast",
                            "name": "VNetInterface1",
                            "network_security_group_id": "/subscriptions/ae770c63-2b68-4269-a3c6-5cb3115dd3d4/resourceGroups/rg-terraform-east/providers/Microsoft.Network/networkSecurityGroups/my-security-group",
                            "private_ip_address": "10.1.1.25",
                            "private_ip_addresses.#": "1",
                            "private_ip_addresses.0": "10.1.1.25",
                            "resource_group_name": "rg-terraform-east",
                            "tags.%": "0"
                        },
                        "meta": {},
                        "tainted": false
                    },
                    "deposed": [],
                    "provider": "provider.azurerm"
                },
                "azurerm_network_security_group.my-security-group": {
                    "type": "azurerm_network_security_group",
                    "depends_on": [
                        "azurerm_resource_group.rg-terraform-east"
                    ],
                    "primary": {
                        "id": "/subscriptions/ae770c63-2b68-4269-a3c6-5cb3115dd3d4/resourceGroups/rg-terraform-east/providers/Microsoft.Network/networkSecurityGroups/my-security-group",
                        "attributes": {
                            "id": "/subscriptions/ae770c63-2b68-4269-a3c6-5cb3115dd3d4/resourceGroups/rg-terraform-east/providers/Microsoft.Network/networkSecurityGroups/my-security-group",
                            "location": "canadaeast",
                            "name": "my-security-group",
                            "resource_group_name": "rg-terraform-east",
                            "security_rule.#": "1",
                            "security_rule.1939817574.access": "Allow",
                            "security_rule.1939817574.description": "",
                            "security_rule.1939817574.destination_address_prefix": "*",
                            "security_rule.1939817574.destination_address_prefixes.#": "0",
                            "security_rule.1939817574.destination_port_range": "22",
                            "security_rule.1939817574.destination_port_ranges.#": "0",
                            "security_rule.1939817574.direction": "Inbound",
                            "security_rule.1939817574.name": "allow SSH",
                            "security_rule.1939817574.priority": "100",
                            "security_rule.1939817574.protocol": "TCP",
                            "security_rule.1939817574.source_address_prefix": "*",
                            "security_rule.1939817574.source_address_prefixes.#": "0",
                            "security_rule.1939817574.source_port_range": "22",
                            "security_rule.1939817574.source_port_ranges.#": "0",
                            "tags.%": "0"
                        },
                        "meta": {},
                        "tainted": false
                    },
                    "deposed": [],
                    "provider": "provider.azurerm"
                },
                "azurerm_network_security_rule.allow-ssh": {
                    "type": "azurerm_network_security_rule",
                    "depends_on": [
                        "azurerm_network_security_group.my-security-group",
                        "azurerm_resource_group.rg-terraform-east"
                    ],
                    "primary": {
                        "id": "/subscriptions/ae770c63-2b68-4269-a3c6-5cb3115dd3d4/resourceGroups/rg-terraform-east/providers/Microsoft.Network/networkSecurityGroups/my-security-group/securityRules/allow SSH",
                        "attributes": {
                            "access": "Allow",
                            "description": "",
                            "destination_address_prefix": "*",
                            "destination_address_prefixes.#": "0",
                            "destination_port_range": "22",
                            "destination_port_ranges.#": "0",
                            "direction": "Inbound",
                            "id": "/subscriptions/ae770c63-2b68-4269-a3c6-5cb3115dd3d4/resourceGroups/rg-terraform-east/providers/Microsoft.Network/networkSecurityGroups/my-security-group/securityRules/allow SSH",
                            "name": "allow SSH",
                            "network_security_group_name": "my-security-group",
                            "priority": "100",
                            "protocol": "TCP",
                            "resource_group_name": "rg-terraform-east",
                            "source_address_prefix": "*",
                            "source_address_prefixes.#": "0",
                            "source_port_range": "*",
                            "source_port_ranges.#": "0"
                        },
                        "meta": {},
                        "tainted": false
                    },
                    "deposed": [],
                    "provider": "provider.azurerm"
                },
                "azurerm_resource_group.rg-terraform-east": {
                    "type": "azurerm_resource_group",
                    "depends_on": [],
                    "primary": {
                        "id": "/subscriptions/ae770c63-2b68-4269-a3c6-5cb3115dd3d4/resourceGroups/rg-terraform-east",
                        "attributes": {
                            "id": "/subscriptions/ae770c63-2b68-4269-a3c6-5cb3115dd3d4/resourceGroups/rg-terraform-east",
                            "location": "canadaeast",
                            "name": "rg-terraform-east",
                            "tags.%": "0"
                        },
                        "meta": {},
                        "tainted": false
                    },
                    "deposed": [],
                    "provider": "provider.azurerm"
                },
                "azurerm_subnet.YYZ": {
                    "type": "azurerm_subnet",
                    "depends_on": [
                        "azurerm_resource_group.rg-terraform-east",
                        "azurerm_virtual_network.production-network"
                    ],
                    "primary": {
                        "id": "/subscriptions/ae770c63-2b68-4269-a3c6-5cb3115dd3d4/resourceGroups/rg-terraform-east/providers/Microsoft.Network/virtualNetworks/production-network/subnets/YYZ",
                        "attributes": {
                            "address_prefix": "10.1.1.0/24",
                            "id": "/subscriptions/ae770c63-2b68-4269-a3c6-5cb3115dd3d4/resourceGroups/rg-terraform-east/providers/Microsoft.Network/virtualNetworks/production-network/subnets/YYZ",
                            "ip_configurations.#": "1",
                            "ip_configurations.1077894087": "/subscriptions/ae770c63-2b68-4269-a3c6-5cb3115dd3d4/resourceGroups/rg-terraform-east/providers/Microsoft.Network/networkInterfaces/VNetInterface1/ipConfigurations/TestConfiguration1",
                            "name": "YYZ",
                            "resource_group_name": "rg-terraform-east",
                            "service_endpoints.#": "0",
                            "virtual_network_name": "production-network"
                        },
                        "meta": {},
                        "tainted": false
                    },
                    "deposed": [],
                    "provider": "provider.azurerm"
                },
                "azurerm_virtual_network.production-network": {
                    "type": "azurerm_virtual_network",
                    "depends_on": [
                        "azurerm_resource_group.rg-terraform-east"
                    ],
                    "primary": {
                        "id": "/subscriptions/ae770c63-2b68-4269-a3c6-5cb3115dd3d4/resourceGroups/rg-terraform-east/providers/Microsoft.Network/virtualNetworks/production-network",
                        "attributes": {
                            "address_space.#": "1",
                            "address_space.0": "10.1.0.0/16",
                            "dns_servers.#": "0",
                            "id": "/subscriptions/ae770c63-2b68-4269-a3c6-5cb3115dd3d4/resourceGroups/rg-terraform-east/providers/Microsoft.Network/virtualNetworks/production-network",
                            "location": "canadaeast",
                            "name": "production-network",
                            "resource_group_name": "rg-terraform-east",
                            "subnet.#": "1",
                            "subnet.2740814028.address_prefix": "10.1.1.0/24",
                            "subnet.2740814028.name": "YYZ",
                            "subnet.2740814028.security_group": "",
                            "tags.%": "0"
                        },
                        "meta": {},
                        "tainted": false
                    },
                    "deposed": [],
                    "provider": "provider.azurerm"
                }
            },
            "depends_on": []
        }
    ]
}
