{
    "version": 3,
    "terraform_version": "0.11.3",
    "serial": 21,
    "lineage": "45d79bfe-d4d5-4f33-a6e2-20fd9d171d01",
    "modules": [
        {
            "path": [
                "root"
            ],
            "outputs": {},
            "resources": {
                "azurerm_network_interface.ubuntu-server-nic": {
                    "type": "azurerm_network_interface",
                    "depends_on": [
                        "azurerm_network_security_group.my-security-group",
                        "azurerm_public_ip.ubuntu-server",
                        "azurerm_resource_group.rg-terraform-east",
                        "azurerm_subnet.prod-subnet"
                    ],
                    "primary": {
                        "id": "/subscriptions/ae770c63-2b68-4269-a3c6-5cb3115dd3d4/resourceGroups/rg-terraform-east/providers/Microsoft.Network/networkInterfaces/ubuntu-server-nic",
                        "attributes": {
                            "applied_dns_servers.#": "0",
                            "dns_servers.#": "0",
                            "enable_accelerated_networking": "false",
                            "enable_ip_forwarding": "false",
                            "id": "/subscriptions/ae770c63-2b68-4269-a3c6-5cb3115dd3d4/resourceGroups/rg-terraform-east/providers/Microsoft.Network/networkInterfaces/ubuntu-server-nic",
                            "internal_dns_name_label": "",
                            "ip_configuration.#": "1",
                            "ip_configuration.0.application_security_group_ids.#": "0",
                            "ip_configuration.0.load_balancer_backend_address_pools_ids.#": "0",
                            "ip_configuration.0.load_balancer_inbound_nat_rules_ids.#": "0",
                            "ip_configuration.0.name": "ubuntu-server-nic-config",
                            "ip_configuration.0.primary": "true",
                            "ip_configuration.0.private_ip_address": "10.1.1.25",
                            "ip_configuration.0.private_ip_address_allocation": "static",
                            "ip_configuration.0.public_ip_address_id": "/subscriptions/ae770c63-2b68-4269-a3c6-5cb3115dd3d4/resourceGroups/rg-terraform-east/providers/Microsoft.Network/publicIPAddresses/ubuntu-server-ip",
                            "ip_configuration.0.subnet_id": "/subscriptions/ae770c63-2b68-4269-a3c6-5cb3115dd3d4/resourceGroups/rg-terraform-east/providers/Microsoft.Network/virtualNetworks/production-network/subnets/prod-subnet",
                            "location": "canadaeast",
                            "mac_address": "00-0D-3A-F4-85-C6",
                            "name": "ubuntu-server-nic",
                            "network_security_group_id": "/subscriptions/ae770c63-2b68-4269-a3c6-5cb3115dd3d4/resourceGroups/rg-terraform-east/providers/Microsoft.Network/networkSecurityGroups/my-security-group",
                            "private_ip_address": "10.1.1.25",
                            "private_ip_addresses.#": "1",
                            "private_ip_addresses.0": "10.1.1.25",
                            "resource_group_name": "rg-terraform-east",
                            "tags.%": "0",
                            "virtual_machine_id": "/subscriptions/ae770c63-2b68-4269-a3c6-5cb3115dd3d4/resourceGroups/rg-terraform-east/providers/Microsoft.Compute/virtualMachines/ubuntu-server"
                        },
                        "meta": {},
                        "tainted": false
                    },
                    "deposed": [],
                    "provider": "provider.azurerm"
                },
                "azurerm_network_security_group.my-security-group": {
                    "type": "azurerm_network_security_group",
                    "depends_on": [
                        "azurerm_resource_group.rg-terraform-east"
                    ],
                    "primary": {
                        "id": "/subscriptions/ae770c63-2b68-4269-a3c6-5cb3115dd3d4/resourceGroups/rg-terraform-east/providers/Microsoft.Network/networkSecurityGroups/my-security-group",
                        "attributes": {
                            "id": "/subscriptions/ae770c63-2b68-4269-a3c6-5cb3115dd3d4/resourceGroups/rg-terraform-east/providers/Microsoft.Network/networkSecurityGroups/my-security-group",
                            "location": "canadaeast",
                            "name": "my-security-group",
                            "resource_group_name": "rg-terraform-east",
                            "security_rule.#": "1",
                            "security_rule.564824268.access": "Allow",
                            "security_rule.564824268.description": "",
                            "security_rule.564824268.destination_address_prefix": "*",
                            "security_rule.564824268.destination_address_prefixes.#": "0",
                            "security_rule.564824268.destination_port_range": "22",
                            "security_rule.564824268.destination_port_ranges.#": "0",
                            "security_rule.564824268.direction": "Inbound",
                            "security_rule.564824268.name": "allow SSH",
                            "security_rule.564824268.priority": "100",
                            "security_rule.564824268.protocol": "TCP",
                            "security_rule.564824268.source_address_prefix": "*",
                            "security_rule.564824268.source_address_prefixes.#": "0",
                            "security_rule.564824268.source_port_range": "*",
                            "security_rule.564824268.source_port_ranges.#": "0",
                            "tags.%": "0"
                        },
                        "meta": {},
                        "tainted": false
                    },
                    "deposed": [],
                    "provider": "provider.azurerm"
                },
                "azurerm_network_security_rule.allow-ssh": {
                    "type": "azurerm_network_security_rule",
                    "depends_on": [
                        "azurerm_network_security_group.my-security-group",
                        "azurerm_resource_group.rg-terraform-east"
                    ],
                    "primary": {
                        "id": "/subscriptions/ae770c63-2b68-4269-a3c6-5cb3115dd3d4/resourceGroups/rg-terraform-east/providers/Microsoft.Network/networkSecurityGroups/my-security-group/securityRules/allow SSH",
                        "attributes": {
                            "access": "Allow",
                            "description": "",
                            "destination_address_prefix": "*",
                            "destination_address_prefixes.#": "0",
                            "destination_port_range": "22",
                            "destination_port_ranges.#": "0",
                            "direction": "Inbound",
                            "id": "/subscriptions/ae770c63-2b68-4269-a3c6-5cb3115dd3d4/resourceGroups/rg-terraform-east/providers/Microsoft.Network/networkSecurityGroups/my-security-group/securityRules/allow SSH",
                            "name": "allow SSH",
                            "network_security_group_name": "my-security-group",
                            "priority": "100",
                            "protocol": "TCP",
                            "resource_group_name": "rg-terraform-east",
                            "source_address_prefix": "*",
                            "source_address_prefixes.#": "0",
                            "source_port_range": "*",
                            "source_port_ranges.#": "0"
                        },
                        "meta": {},
                        "tainted": false
                    },
                    "deposed": [],
                    "provider": "provider.azurerm"
                },
                "azurerm_public_ip.ubuntu-server": {
                    "type": "azurerm_public_ip",
                    "depends_on": [
                        "azurerm_resource_group.rg-terraform-east"
                    ],
                    "primary": {
                        "id": "/subscriptions/ae770c63-2b68-4269-a3c6-5cb3115dd3d4/resourceGroups/rg-terraform-east/providers/Microsoft.Network/publicIPAddresses/ubuntu-server-ip",
                        "attributes": {
                            "domain_name_label": "ubuntu-server",
                            "fqdn": "ubuntu-server.canadaeast.cloudapp.azure.com",
                            "id": "/subscriptions/ae770c63-2b68-4269-a3c6-5cb3115dd3d4/resourceGroups/rg-terraform-east/providers/Microsoft.Network/publicIPAddresses/ubuntu-server-ip",
                            "ip_address": "52.235.41.182",
                            "location": "canadaeast",
                            "name": "ubuntu-server-ip",
                            "public_ip_address_allocation": "dynamic",
                            "resource_group_name": "rg-terraform-east",
                            "sku": "Basic",
                            "tags.%": "0"
                        },
                        "meta": {},
                        "tainted": false
                    },
                    "deposed": [],
                    "provider": "provider.azurerm"
                },
                "azurerm_resource_group.rg-terraform-east": {
                    "type": "azurerm_resource_group",
                    "depends_on": [],
                    "primary": {
                        "id": "/subscriptions/ae770c63-2b68-4269-a3c6-5cb3115dd3d4/resourceGroups/rg-terraform-east",
                        "attributes": {
                            "id": "/subscriptions/ae770c63-2b68-4269-a3c6-5cb3115dd3d4/resourceGroups/rg-terraform-east",
                            "location": "canadaeast",
                            "name": "rg-terraform-east",
                            "tags.%": "0"
                        },
                        "meta": {},
                        "tainted": false
                    },
                    "deposed": [],
                    "provider": "provider.azurerm"
                },
                "azurerm_subnet.prod-subnet": {
                    "type": "azurerm_subnet",
                    "depends_on": [
                        "azurerm_network_security_group.my-security-group",
                        "azurerm_resource_group.rg-terraform-east",
                        "azurerm_virtual_network.production-network"
                    ],
                    "primary": {
                        "id": "/subscriptions/ae770c63-2b68-4269-a3c6-5cb3115dd3d4/resourceGroups/rg-terraform-east/providers/Microsoft.Network/virtualNetworks/production-network/subnets/prod-subnet",
                        "attributes": {
                            "address_prefix": "10.1.1.0/24",
                            "id": "/subscriptions/ae770c63-2b68-4269-a3c6-5cb3115dd3d4/resourceGroups/rg-terraform-east/providers/Microsoft.Network/virtualNetworks/production-network/subnets/prod-subnet",
                            "ip_configurations.#": "1",
                            "ip_configurations.1038823576": "/subscriptions/ae770c63-2b68-4269-a3c6-5cb3115dd3d4/resourceGroups/rg-terraform-east/providers/Microsoft.Network/networkInterfaces/ubuntu-server-nic/ipConfigurations/ubuntu-server-nic-config",
                            "name": "prod-subnet",
                            "network_security_group_id": "/subscriptions/ae770c63-2b68-4269-a3c6-5cb3115dd3d4/resourceGroups/rg-terraform-east/providers/Microsoft.Network/networkSecurityGroups/my-security-group",
                            "resource_group_name": "rg-terraform-east",
                            "service_endpoints.#": "0",
                            "virtual_network_name": "production-network"
                        },
                        "meta": {},
                        "tainted": false
                    },
                    "deposed": [],
                    "provider": "provider.azurerm"
                },
                "azurerm_virtual_machine.ubuntu-server": {
                    "type": "azurerm_virtual_machine",
                    "depends_on": [
                        "azurerm_network_interface.ubuntu-server-nic",
                        "azurerm_resource_group.rg-terraform-east"
                    ],
                    "primary": {
                        "id": "/subscriptions/ae770c63-2b68-4269-a3c6-5cb3115dd3d4/resourceGroups/rg-terraform-east/providers/Microsoft.Compute/virtualMachines/ubuntu-server",
                        "attributes": {
                            "delete_data_disks_on_termination": "false",
                            "delete_os_disk_on_termination": "false",
                            "id": "/subscriptions/ae770c63-2b68-4269-a3c6-5cb3115dd3d4/resourceGroups/rg-terraform-east/providers/Microsoft.Compute/virtualMachines/ubuntu-server",
                            "identity.#": "0",
                            "location": "canadaeast",
                            "name": "ubuntu-server",
                            "network_interface_ids.#": "1",
                            "network_interface_ids.0": "/subscriptions/ae770c63-2b68-4269-a3c6-5cb3115dd3d4/resourceGroups/rg-terraform-east/providers/Microsoft.Network/networkInterfaces/ubuntu-server-nic",
                            "os_profile.#": "1",
                            "os_profile.3800434957.admin_password": "",
                            "os_profile.3800434957.admin_username": "arvindgorur",
                            "os_profile.3800434957.computer_name": "ubuntu-server",
                            "os_profile.3800434957.custom_data": "",
                            "os_profile_linux_config.#": "1",
                            "os_profile_linux_config.69840937.disable_password_authentication": "true",
                            "os_profile_linux_config.69840937.ssh_keys.#": "1",
                            "os_profile_linux_config.69840937.ssh_keys.0.key_data": "ssh-rsa AAAAB3NzaC1yc2EAAAADAQABAAABAQCrXptbJa4DVMP046NDT5vM+rdLtM/WO9lap5OzhRnSReMS+THIvpBhOS1dpH5LQYMpNb/Cvs4uBao596cuXWieL8JBkqRR9qDhvlJv22p7wNfh9ynJ1bE5siSWmtUucyAuRMl4hf2u38ZKwp0K6SdsN8TdvgydX+Ze+4bZgHhS+LKLi0g+HrOhHKVutdEPsdz842wtgBlPygVCCIDMLCnvj2MFZ7Cm48fb39uMCHVr88Cgspgj6CgehS78qNo36wXC8s195EReaPZKz+TxfUMktVnm6dPY+4t42xcvlJNcaTJZ703dr32McedQtgb0aYeMeUMH/ohcC2U3ScILmIiT imported-openssh-key",
                            "os_profile_linux_config.69840937.ssh_keys.0.path": "/home/arvindgorur/.ssh/authorized_keys",
                            "os_profile_secrets.#": "0",
                            "resource_group_name": "rg-terraform-east",
                            "storage_data_disk.#": "0",
                            "storage_image_reference.#": "1",
                            "storage_image_reference.1458860473.id": "",
                            "storage_image_reference.1458860473.offer": "UbuntuServer",
                            "storage_image_reference.1458860473.publisher": "Canonical",
                            "storage_image_reference.1458860473.sku": "16.04-LTS",
                            "storage_image_reference.1458860473.version": "latest",
                            "storage_os_disk.#": "1",
                            "storage_os_disk.0.caching": "ReadWrite",
                            "storage_os_disk.0.create_option": "FromImage",
                            "storage_os_disk.0.disk_size_gb": "30",
                            "storage_os_disk.0.image_uri": "",
                            "storage_os_disk.0.managed_disk_id": "/subscriptions/ae770c63-2b68-4269-a3c6-5cb3115dd3d4/resourceGroups/rg-terraform-east/providers/Microsoft.Compute/disks/ubuntu-os",
                            "storage_os_disk.0.managed_disk_type": "Standard_LRS",
                            "storage_os_disk.0.name": "ubuntu-os",
                            "storage_os_disk.0.os_type": "Linux",
                            "storage_os_disk.0.vhd_uri": "",
                            "tags.%": "0",
                            "vm_size": "Standard_A1"
                        },
                        "meta": {},
                        "tainted": false
                    },
                    "deposed": [],
                    "provider": "provider.azurerm"
                },
                "azurerm_virtual_network.production-network": {
                    "type": "azurerm_virtual_network",
                    "depends_on": [
                        "azurerm_resource_group.rg-terraform-east"
                    ],
                    "primary": {
                        "id": "/subscriptions/ae770c63-2b68-4269-a3c6-5cb3115dd3d4/resourceGroups/rg-terraform-east/providers/Microsoft.Network/virtualNetworks/production-network",
                        "attributes": {
                            "address_space.#": "1",
                            "address_space.0": "10.1.0.0/16",
                            "dns_servers.#": "0",
                            "id": "/subscriptions/ae770c63-2b68-4269-a3c6-5cb3115dd3d4/resourceGroups/rg-terraform-east/providers/Microsoft.Network/virtualNetworks/production-network",
                            "location": "canadaeast",
                            "name": "production-network",
                            "resource_group_name": "rg-terraform-east",
                            "subnet.#": "1",
                            "subnet.1476597219.address_prefix": "10.1.1.0/24",
                            "subnet.1476597219.name": "prod-subnet",
                            "subnet.1476597219.security_group": "",
                            "tags.%": "0"
                        },
                        "meta": {},
                        "tainted": false
                    },
                    "deposed": [],
                    "provider": "provider.azurerm"
                }
            },
            "depends_on": []
        }
    ]
}
